
Microsoft Visual Studio Solution File, Format Version 12.00
# Visual Studio Version 17
VisualStudioVersion = 17.3.32804.467
MinimumVisualStudioVersion = 10.0.40219.1
Project("{FAE04EC0-301F-11D3-BF4B-00C04F79EFBC}") = "ObjektumGyakSZg", "ObjektumGyakSZg\ObjektumGyakSZg.csproj", "{7B6D3E5A-9741-44BE-8B20-6264B1CAFAFF}"
EndProject
Global
	GlobalSection(SolutionConfigurationPlatforms) = preSolution
		Debug|Any CPU = Debug|Any CPU
		Release|Any CPU = Release|Any CPU
	EndGlobalSection
	GlobalSection(ProjectConfigurationPlatforms) = postSolution
		{7B6D3E5A-9741-44BE-8B20-6264B1CAFAFF}.Debug|Any CPU.ActiveCfg = Debug|Any CPU
		{7B6D3E5A-9741-44BE-8B20-6264B1CAFAFF}.Debug|Any CPU.Build.0 = Debug|Any CPU
		{7B6D3E5A-9741-44BE-8B20-6264B1CAFAFF}.Release|Any CPU.ActiveCfg = Release|Any CPU
		{7B6D3E5A-9741-44BE-8B20-6264B1CAFAFF}.Release|Any CPU.Build.0 = Release|Any CPU
	EndGlobalSection
	GlobalSection(SolutionProperties) = preSolution
		HideSolutionNode = FALSE
	EndGlobalSection
	GlobalSection(ExtensibilityGlobals) = postSolution
		SolutionGuid = {A2DC69FA-63A0-4634-BDC9-83A524522E88}
	EndGlobalSection
EndGlobal
